lockfileVersion: '9.0'

settings:
  autoInstallPeers: true
  excludeLinksFromLockfile: false

importers:

  .:
    dependencies:
      react-form-wizard-component:
        specifier: ^0.2.7
        version: 0.2.7

packages:

  react-form-wizard-component@0.1.9:
    resolution: {integrity: sha512-JYU1UAMv5llvMOet0gdJfMaYrnJ0rxQYOiL8wE1t1bkIIm4rf0iZ54P+cuTI/gPqvzbS4MSUdBF6M6JDq5JVeQ==}

  react-form-wizard-component@0.2.7:
    resolution: {integrity: sha512-MWDK5RdkieqCY/mExPlg7vcwYZ0caM2hBdR+7o3LjgjPKGrPiZN8uk1LL/Ej0UYx951IYPBQmtH1/+5YoNNgQA==}

snapshots:

  react-form-wizard-component@0.1.9: {}

  react-form-wizard-component@0.2.7:
    dependencies:
      react-form-wizard-component: 0.1.9
